
Microsoft Visual Studio Solution File, Format Version 12.00
# Visual Studio 15
VisualStudioVersion = 15.0.27130.2010
MinimumVisualStudioVersion = 10.0.40219.1
Project("{FAE04EC0-301F-11D3-BF4B-00C04F79EFBC}") = "OnlineMutants", "OnlineMutants\OnlineMutants.csproj", "{5F129C6C-1665-4E10-A0E2-8C72371ACD95}"
EndProject
Project("{FAE04EC0-301F-11D3-BF4B-00C04F79EFBC}") = "XUnitTestOnlineMutants", "XUnitTestOnlineMutants\XUnitTestOnlineMutants.csproj", "{F507D813-AF17-47F9-82C3-31C4A83716B0}"
EndProject
Global
	GlobalSection(SolutionConfigurationPlatforms) = preSolution
		Debug|Any CPU = Debug|Any CPU
		Release|Any CPU = Release|Any CPU
	EndGlobalSection
	GlobalSection(ProjectConfigurationPlatforms) = postSolution
		{5F129C6C-1665-4E10-A0E2-8C72371ACD95}.Debug|Any CPU.ActiveCfg = Debug|Any CPU
		{5F129C6C-1665-4E10-A0E2-8C72371ACD95}.Debug|Any CPU.Build.0 = Debug|Any CPU
		{5F129C6C-1665-4E10-A0E2-8C72371ACD95}.Release|Any CPU.ActiveCfg = Release|Any CPU
		{5F129C6C-1665-4E10-A0E2-8C72371ACD95}.Release|Any CPU.Build.0 = Release|Any CPU
		{F507D813-AF17-47F9-82C3-31C4A83716B0}.Debug|Any CPU.ActiveCfg = Debug|Any CPU
		{F507D813-AF17-47F9-82C3-31C4A83716B0}.Debug|Any CPU.Build.0 = Debug|Any CPU
		{F507D813-AF17-47F9-82C3-31C4A83716B0}.Release|Any CPU.ActiveCfg = Release|Any CPU
		{F507D813-AF17-47F9-82C3-31C4A83716B0}.Release|Any CPU.Build.0 = Release|Any CPU
	EndGlobalSection
	GlobalSection(SolutionProperties) = preSolution
		HideSolutionNode = FALSE
	EndGlobalSection
	GlobalSection(ExtensibilityGlobals) = postSolution
		SolutionGuid = {8F860554-BDB4-43D8-AC12-CB9FD1E13ABF}
	EndGlobalSection
EndGlobal
